
Microsoft Visual Studio Solution File, Format Version 12.00
# Visual Studio Version 17
VisualStudioVersion = 17.14.36908.2 d17.14
MinimumVisualStudioVersion = 10.0.40219.1
Project("{888888A0-9F3D-457C-B088-3A5042F75D52}") = "WeightReceiver", "WeightReceiver.pyproj", "{586B2624-9888-45E5-98F0-744C9A33CDB0}"
EndProject
Global
	GlobalSection(SolutionConfigurationPlatforms) = preSolution
		Debug|Any CPU = Debug|Any CPU
		Release|Any CPU = Release|Any CPU
	EndGlobalSection
	GlobalSection(ProjectConfigurationPlatforms) = postSolution
		{586B2624-9888-45E5-98F0-744C9A33CDB0}.Debug|Any CPU.ActiveCfg = Debug|Any CPU
		{586B2624-9888-45E5-98F0-744C9A33CDB0}.Release|Any CPU.ActiveCfg = Release|Any CPU
	EndGlobalSection
	GlobalSection(SolutionProperties) = preSolution
		HideSolutionNode = FALSE
	EndGlobalSection
	GlobalSection(ExtensibilityGlobals) = postSolution
		SolutionGuid = {877AD337-093E-4C83-9A47-9AD4FA7EE026}
	EndGlobalSection
EndGlobal
